
Microsoft Visual Studio Solution File, Format Version 12.00
# Visual Studio Version 17
VisualStudioVersion = 17.3.32929.385
MinimumVisualStudioVersion = 10.0.40219.1
Project("{9A19103F-16F7-4668-BE54-9A1E7A4F7556}") = "AudienceVoting", "AudienceVoting\AudienceVoting.csproj", "{90066617-EE88-4389-9F2F-866917A0D135}"
EndProject
Project("{2150E333-8FDC-42A3-9474-1A3956D46DE8}") = "GitHub Actions", "GitHub Actions", "{0DB92A09-A18A-4DD7-8489-6F113E787FA6}"
	ProjectSection(SolutionItems) = preProject
		.github\workflows\audience-voting-app.yml = .github\workflows\audience-voting-app.yml
	EndProjectSection
EndProject
Global
	GlobalSection(SolutionConfigurationPlatforms) = preSolution
		Debug|Any CPU = Debug|Any CPU
		Release|Any CPU = Release|Any CPU
	EndGlobalSection
	GlobalSection(ProjectConfigurationPlatforms) = postSolution
		{90066617-EE88-4389-9F2F-866917A0D135}.Debug|Any CPU.ActiveCfg = Debug|Any CPU
		{90066617-EE88-4389-9F2F-866917A0D135}.Debug|Any CPU.Build.0 = Debug|Any CPU
		{90066617-EE88-4389-9F2F-866917A0D135}.Release|Any CPU.ActiveCfg = Release|Any CPU
		{90066617-EE88-4389-9F2F-866917A0D135}.Release|Any CPU.Build.0 = Release|Any CPU
	EndGlobalSection
	GlobalSection(SolutionProperties) = preSolution
		HideSolutionNode = FALSE
	EndGlobalSection
	GlobalSection(ExtensibilityGlobals) = postSolution
		SolutionGuid = {E5CC3CD9-1C71-42BC-B73D-D6EEED866B2A}
	EndGlobalSection
EndGlobal
